// !$*UTF8*$!
{
	archiveVersion = 1;
	classes = {
	};
	objectVersion = 55;
	objects = {

/* Begin PBXBuildFile section */
		69A18BD327F399CE0064A09E /* AppDelegate.swift in Sources */ = {isa = PBXBuildFile; fileRef = 69A18BD227F399CE0064A09E /* AppDelegate.swift */; };
		69A18BD527F399CE0064A09E /* SceneDelegate.swift in Sources */ = {isa = PBXBuildFile; fileRef = 69A18BD427F399CE0064A09E /* SceneDelegate.swift */; };
		69A18BD727F399CE0064A09E /* ViewController.swift in Sources */ = {isa = PBXBuildFile; fileRef = 69A18BD627F399CE0064A09E /* ViewController.swift */; };
		69A18BDA27F399CE0064A09E /* Main.storyboard in Resources */ = {isa = PBXBuildFile; fileRef = 69A18BD827F399CE0064A09E /* Main.storyboard */; };
		69A18BDD27F399CE0064A09E /* ProjetoFilme.xcdatamodeld in Sources */ = {isa = PBXBuildFile; fileRef = 69A18BDB27F399CE0064A09E /* ProjetoFilme.xcdatamodeld */; };
		69A18BDF27F399CF0064A09E /* Assets.xcassets in Resources */ = {isa = PBXBuildFile; fileRef = 69A18BDE27F399CF0064A09E /* Assets.xcassets */; };
		69A18BE227F399CF0064A09E /* LaunchScreen.storyboard in Resources */ = {isa = PBXBuildFile; fileRef = 69A18BE027F399CF0064A09E /* LaunchScreen.storyboard */; };
		69A18BED27F399CF0064A09E /* ProjetoFilmeTests.swift in Sources */ = {isa = PBXBuildFile; fileRef = 69A18BEC27F399CF0064A09E /* ProjetoFilmeTests.swift */; };
		69A18BF727F399CF0064A09E /* ProjetoFilmeUITests.swift in Sources */ = {isa = PBXBuildFile; fileRef = 69A18BF627F399CF0064A09E /* ProjetoFilmeUITests.swift */; };
		69A18BF927F399CF0064A09E /* ProjetoFilmeUITestsLaunchTests.swift in Sources */ = {isa = PBXBuildFile; fileRef = 69A18BF827F399CF0064A09E /* ProjetoFilmeUITestsLaunchTests.swift */; };
		69A18C0627F39A650064A09E /* Twitch logo.jpeg in Resources */ = {isa = PBXBuildFile; fileRef = 69A18C0527F39A650064A09E /* Twitch logo.jpeg */; };
		69A18C0827F4006F0064A09E /* simbolo.jpeg in Resources */ = {isa = PBXBuildFile; fileRef = 69A18C0727F4006F0064A09E /* simbolo.jpeg */; };
		69A18C0D27F407560064A09E /* casimiro.jpg in Resources */ = {isa = PBXBuildFile; fileRef = 69A18C0C27F407560064A09E /* casimiro.jpg */; };
		69A18C0F27F40B3C0064A09E /* SegundaTelaViewController.swift in Sources */ = {isa = PBXBuildFile; fileRef = 69A18C0E27F40B3C0064A09E /* SegundaTelaViewController.swift */; };
		69A18C1127F410AA0064A09E /* TabelaViewController.swift in Sources */ = {isa = PBXBuildFile; fileRef = 69A18C1027F410AA0064A09E /* TabelaViewController.swift */; };
		69A18C1327F41B580064A09E /* Design_sem_nome_copy-removebg-preview.png in Resources */ = {isa = PBXBuildFile; fileRef = 69A18C1227F41B580064A09E /* Design_sem_nome_copy-removebg-preview.png */; };
/* End PBXBuildFile section */

/* Begin PBXContainerItemProxy section */
		69A18BE927F399CF0064A09E /* PBXContainerItemProxy */ = {
			isa = PBXContainerItemProxy;
			containerPortal = 69A18BC727F399CE0064A09E /* Project object */;
			proxyType = 1;
			remoteGlobalIDString = 69A18BCE27F399CE0064A09E;
			remoteInfo = ProjetoFilme;
		};
		69A18BF327F399CF0064A09E /* PBXContainerItemProxy */ = {
			isa = PBXContainerItemProxy;
			containerPortal = 69A18BC727F399CE0064A09E /* Project object */;
			proxyType = 1;
			remoteGlobalIDString = 69A18BCE27F399CE0064A09E;
			remoteInfo = ProjetoFilme;
		};
/* End PBXContainerItemProxy section */

/* Begin PBXFileReference section */
		69A18BCF27F399CE0064A09E /* ProjetoFilme.app */ = {isa = PBXFileReference; explicitFileType = wrapper.application; includeInIndex = 0; path = ProjetoFilme.app; sourceTree = BUILT_PRODUCTS_DIR; };
		69A18BD227F399CE0064A09E /* AppDelegate.swift */ = {isa = PBXFileReference; lastKnownFileType = sourcecode.swift; path = AppDelegate.swift; sourceTree = "<group>"; };
		69A18BD427F399CE0064A09E /* SceneDelegate.swift */ = {isa = PBXFileReference; lastKnownFileType = sourcecode.swift; path = SceneDelegate.swift; sourceTree = "<group>"; };
		69A18BD627F399CE0064A09E /* ViewController.swift */ = {isa = PBXFileReference; lastKnownFileType = sourcecode.swift; path = ViewController.swift; sourceTree = "<group>"; };
		69A18BD927F399CE0064A09E /* Base */ = {isa = PBXFileReference; lastKnownFileType = file.storyboard; name = Base; path = Base.lproj/Main.storyboard; sourceTree = "<group>"; };
		69A18BDC27F399CE0064A09E /* ProjetoFilme.xcdatamodel */ = {isa = PBXFileReference; lastKnownFileType = wrapper.xcdatamodel; path = ProjetoFilme.xcdatamodel; sourceTree = "<group>"; };
		69A18BDE27F399CF0064A09E /* Assets.xcassets */ = {isa = PBXFileReference; lastKnownFileType = folder.assetcatalog; path = Assets.xcassets; sourceTree = "<group>"; };
		69A18BE127F399CF0064A09E /* Base */ = {isa = PBXFileReference; lastKnownFileType = file.storyboard; name = Base; path = Base.lproj/LaunchScreen.storyboard; sourceTree = "<group>"; };
		69A18BE327F399CF0064A09E /* Info.plist */ = {isa = PBXFileReference; lastKnownFileType = text.plist.xml; path = Info.plist; sourceTree = "<group>"; };
		69A18BE827F399CF0064A09E /* ProjetoFilmeTests.xctest */ = {isa = PBXFileReference; explicitFileType = wrapper.cfbundle; includeInIndex = 0; path = ProjetoFilmeTests.xctest; sourceTree = BUILT_PRODUCTS_DIR; };
		69A18BEC27F399CF0064A09E /* ProjetoFilmeTests.swift */ = {isa = PBXFileReference; lastKnownFileType = sourcecode.swift; path = ProjetoFilmeTests.swift; sourceTree = "<group>"; };
		69A18BF227F399CF0064A09E /* ProjetoFilmeUITests.xctest */ = {isa = PBXFileReference; explicitFileType = wrapper.cfbundle; includeInIndex = 0; path = ProjetoFilmeUITests.xctest; sourceTree = BUILT_PRODUCTS_DIR; };
		69A18BF627F399CF0064A09E /* ProjetoFilmeUITests.swift */ = {isa = PBXFileReference; lastKnownFileType = sourcecode.swift; path = ProjetoFilmeUITests.swift; sourceTree = "<group>"; };
		69A18BF827F399CF0064A09E /* ProjetoFilmeUITestsLaunchTests.swift */ = {isa = PBXFileReference; lastKnownFileType = sourcecode.swift; path = ProjetoFilmeUITestsLaunchTests.swift; sourceTree = "<group>"; };
		69A18C0527F39A650064A09E /* Twitch logo.jpeg */ = {isa = PBXFileReference; lastKnownFileType = image.jpeg; name = "Twitch logo.jpeg"; path = "../../../../Downloads/Twitch logo.jpeg"; sourceTree = "<group>"; };
		69A18C0727F4006F0064A09E /* simbolo.jpeg */ = {isa = PBXFileReference; lastKnownFileType = image.jpeg; name = simbolo.jpeg; path = ../../../../Downloads/simbolo.jpeg; sourceTree = "<group>"; };
		69A18C0C27F407560064A09E /* casimiro.jpg */ = {isa = PBXFileReference; lastKnownFileType = image.jpeg; name = casimiro.jpg; path = ../../../../Downloads/casimiro.jpg; sourceTree = "<group>"; };
		69A18C0E27F40B3C0064A09E /* SegundaTelaViewController.swift */ = {isa = PBXFileReference; lastKnownFileType = sourcecode.swift; path = SegundaTelaViewController.swift; sourceTree = "<group>"; };
		69A18C1027F410AA0064A09E /* TabelaViewController.swift */ = {isa = PBXFileReference; lastKnownFileType = sourcecode.swift; path = TabelaViewController.swift; sourceTree = "<group>"; };
		69A18C1227F41B580064A09E /* Design_sem_nome_copy-removebg-preview.png */ = {isa = PBXFileReference; lastKnownFileType = image.png; name = "Design_sem_nome_copy-removebg-preview.png"; path = "../../../../Downloads/Design_sem_nome_copy-removebg-preview.png"; sourceTree = "<group>"; };
/* End PBXFileReference section */

/* Begin PBXFrameworksBuildPhase section */
		69A18BCC27F399CE0064A09E /* Frameworks */ = {
			isa = PBXFrameworksBuildPhase;
			buildActionMask = 2147483647;
			files = (
			);
			runOnlyForDeploymentPostprocessing = 0;
		};
		69A18BE527F399CF0064A09E /* Frameworks */ = {
			isa = PBXFrameworksBuildPhase;
			buildActionMask = 2147483647;
			files = (
			);
			runOnlyForDeploymentPostprocessing = 0;
		};
		69A18BEF27F399CF0064A09E /* Frameworks */ = {
			isa = PBXFrameworksBuildPhase;
			buildActionMask = 2147483647;
			files = (
			);
			runOnlyForDeploymentPostprocessing = 0;
		};
/* End PBXFrameworksBuildPhase section */

/* Begin PBXGroup section */
		69A18BC627F399CE0064A09E = {
			isa = PBXGroup;
			children = (
				69A18BD127F399CE0064A09E /* ProjetoFilme */,
				69A18BEB27F399CF0064A09E /* ProjetoFilmeTests */,
				69A18BF527F399CF0064A09E /* ProjetoFilmeUITests */,
				69A18BD027F399CE0064A09E /* Products */,
			);
			sourceTree = "<group>";
		};
		69A18BD027F399CE0064A09E /* Products */ = {
			isa = PBXGroup;
			children = (
				69A18BCF27F399CE0064A09E /* ProjetoFilme.app */,
				69A18BE827F399CF0064A09E /* ProjetoFilmeTests.xctest */,
				69A18BF227F399CF0064A09E /* ProjetoFilmeUITests.xctest */,
			);
			name = Products;
			sourceTree = "<group>";
		};
		69A18BD127F399CE0064A09E /* ProjetoFilme */ = {
			isa = PBXGroup;
			children = (
				69A18BD227F399CE0064A09E /* AppDelegate.swift */,
				69A18BD427F399CE0064A09E /* SceneDelegate.swift */,
				69A18BD627F399CE0064A09E /* ViewController.swift */,
				69A18BD827F399CE0064A09E /* Main.storyboard */,
				69A18BDE27F399CF0064A09E /* Assets.xcassets */,
				69A18BE027F399CF0064A09E /* LaunchScreen.storyboard */,
				69A18BE327F399CF0064A09E /* Info.plist */,
				69A18BDB27F399CE0064A09E /* ProjetoFilme.xcdatamodeld */,
				69A18C0527F39A650064A09E /* Twitch logo.jpeg */,
				69A18C0C27F407560064A09E /* casimiro.jpg */,
				69A18C0727F4006F0064A09E /* simbolo.jpeg */,
				69A18C1227F41B580064A09E /* Design_sem_nome_copy-removebg-preview.png */,
				69A18C1027F410AA0064A09E /* TabelaViewController.swift */,
				69A18C0E27F40B3C0064A09E /* SegundaTelaViewController.swift */,
			);
			path = ProjetoFilme;
			sourceTree = "<group>";
		};
		69A18BEB27F399CF0064A09E /* ProjetoFilmeTests */ = {
			isa = PBXGroup;
			children = (
				69A18BEC27F399CF0064A09E /* ProjetoFilmeTests.swift */,
			);
			path = ProjetoFilmeTests;
			sourceTree = "<group>";
		};
		69A18BF527F399CF0064A09E /* ProjetoFilmeUITests */ = {
			isa = PBXGroup;
			children = (
				69A18BF627F399CF0064A09E /* ProjetoFilmeUITests.swift */,
				69A18BF827F399CF0064A09E /* ProjetoFilmeUITestsLaunchTests.swift */,
			);
			path = ProjetoFilmeUITests;
			sourceTree = "<group>";
		};
/* End PBXGroup section */

/* Begin PBXNativeTarget section */
		69A18BCE27F399CE0064A09E /* ProjetoFilme */ = {
			isa = PBXNativeTarget;
			buildConfigurationList = 69A18BFC27F399CF0064A09E /* Build configuration list for PBXNativeTarget "ProjetoFilme" */;
			buildPhases = (
				69A18BCB27F399CE0064A09E /* Sources */,
				69A18BCC27F399CE0064A09E /* Frameworks */,
				69A18BCD27F399CE0064A09E /* Resources */,
			);
			buildRules = (
			);
			dependencies = (
			);
			name = ProjetoFilme;
			productName = ProjetoFilme;
			productReference = 69A18BCF27F399CE0064A09E /* ProjetoFilme.app */;
			productType = "com.apple.product-type.application";
		};
		69A18BE727F399CF0064A09E /* ProjetoFilmeTests */ = {
			isa = PBXNativeTarget;
			buildConfigurationList = 69A18BFF27F399CF0064A09E /* Build configuration list for PBXNativeTarget "ProjetoFilmeTests" */;
			buildPhases = (
				69A18BE427F399CF0064A09E /* Sources */,
				69A18BE527F399CF0064A09E /* Frameworks */,
				69A18BE627F399CF0064A09E /* Resources */,
			);
			buildRules = (
			);
			dependencies = (
				69A18BEA27F399CF0064A09E /* PBXTargetDependency */,
			);
			name = ProjetoFilmeTests;
			productName = ProjetoFilmeTests;
			productReference = 69A18BE827F399CF0064A09E /* ProjetoFilmeTests.xctest */;
			productType = "com.apple.product-type.bundle.unit-test";
		};
		69A18BF127F399CF0064A09E /* ProjetoFilmeUITests */ = {
			isa = PBXNativeTarget;
			buildConfigurationList = 69A18C0227F399CF0064A09E /* Build configuration list for PBXNativeTarget "ProjetoFilmeUITests" */;
			buildPhases = (
				69A18BEE27F399CF0064A09E /* Sources */,
				69A18BEF27F399CF0064A09E /* Frameworks */,
				69A18BF027F399CF0064A09E /* Resources */,
			);
			buildRules = (
			);
			dependencies = (
				69A18BF427F399CF0064A09E /* PBXTargetDependency */,
			);
			name = ProjetoFilmeUITests;
			productName = ProjetoFilmeUITests;
			productReference = 69A18BF227F399CF0064A09E /* ProjetoFilmeUITests.xctest */;
			productType = "com.apple.product-type.bundle.ui-testing";
		};
/* End PBXNativeTarget section */

/* Begin PBXProject section */
		69A18BC727F399CE0064A09E /* Project object */ = {
			isa = PBXProject;
			attributes = {
				BuildIndependentTargetsInParallel = 1;
				LastSwiftUpdateCheck = 1330;
				LastUpgradeCheck = 1330;
				TargetAttributes = {
					69A18BCE27F399CE0064A09E = {
						CreatedOnToolsVersion = 13.3;
					};
					69A18BE727F399CF0064A09E = {
						CreatedOnToolsVersion = 13.3;
						TestTargetID = 69A18BCE27F399CE0064A09E;
					};
					69A18BF127F399CF0064A09E = {
						CreatedOnToolsVersion = 13.3;
						TestTargetID = 69A18BCE27F399CE0064A09E;
					};
				};
			};
			buildConfigurationList = 69A18BCA27F399CE0064A09E /* Build configuration list for PBXProject "ProjetoFilme" */;
			compatibilityVersion = "Xcode 13.0";
			developmentRegion = en;
			hasScannedForEncodings = 0;
			knownRegions = (
				en,
				Base,
			);
			mainGroup = 69A18BC627F399CE0064A09E;
			productRefGroup = 69A18BD027F399CE0064A09E /* Products */;
			projectDirPath = "";
			projectRoot = "";
			targets = (
				69A18BCE27F399CE0064A09E /* ProjetoFilme */,
				69A18BE727F399CF0064A09E /* ProjetoFilmeTests */,
				69A18BF127F399CF0064A09E /* ProjetoFilmeUITests */,
			);
		};
/* End PBXProject section */

/* Begin PBXResourcesBuildPhase section */
		69A18BCD27F399CE0064A09E /* Resources */ = {
			isa = PBXResourcesBuildPhase;
			buildActionMask = 2147483647;
			files = (
				69A18C0D27F407560064A09E /* casimiro.jpg in Resources */,
				69A18C0627F39A650064A09E /* Twitch logo.jpeg in Resources */,
				69A18BE227F399CF0064A09E /* LaunchScreen.storyboard in Resources */,
				69A18BDF27F399CF0064A09E /* Assets.xcassets in Resources */,
				69A18C0827F4006F0064A09E /* simbolo.jpeg in Resources */,
				69A18BDA27F399CE0064A09E /* Main.storyboard in Resources */,
				69A18C1327F41B580064A09E /* Design_sem_nome_copy-removebg-preview.png in Resources */,
			);
			runOnlyForDeploymentPostprocessing = 0;
		};
		69A18BE627F399CF0064A09E /* Resources */ = {
			isa = PBXResourcesBuildPhase;
			buildActionMask = 2147483647;
			files = (
			);
			runOnlyForDeploymentPostprocessing = 0;
		};
		69A18BF027F399CF0064A09E /* Resources */ = {
			isa = PBXResourcesBuildPhase;
			buildActionMask = 2147483647;
			files = (
			);
			runOnlyForDeploymentPostprocessing = 0;
		};
/* End PBXResourcesBuildPhase section */

/* Begin PBXSourcesBuildPhase section */
		69A18BCB27F399CE0064A09E /* Sources */ = {
			isa = PBXSourcesBuildPhase;
			buildActionMask = 2147483647;
			files = (
				69A18BD727F399CE0064A09E /* ViewController.swift in Sources */,
				69A18BDD27F399CE0064A09E /* ProjetoFilme.xcdatamodeld in Sources */,
				69A18C0F27F40B3C0064A09E /* SegundaTelaViewController.swift in Sources */,
				69A18C1127F410AA0064A09E /* TabelaViewController.swift in Sources */,
				69A18BD327F399CE0064A09E /* AppDelegate.swift in Sources */,
				69A18BD527F399CE0064A09E /* SceneDelegate.swift in Sources */,
			);
			runOnlyForDeploymentPostprocessing = 0;
		};
		69A18BE427F399CF0064A09E /* Sources */ = {
			isa = PBXSourcesBuildPhase;
			buildActionMask = 2147483647;
			files = (
				69A18BED27F399CF0064A09E /* ProjetoFilmeTests.swift in Sources */,
			);
			runOnlyForDeploymentPostprocessing = 0;
		};
		69A18BEE27F399CF0064A09E /* Sources */ = {
			isa = PBXSourcesBuildPhase;
			buildActionMask = 2147483647;
			files = (
				69A18BF927F399CF0064A09E /* ProjetoFilmeUITestsLaunchTests.swift in Sources */,
				69A18BF727F399CF0064A09E /* ProjetoFilmeUITests.swift in Sources */,
			);
			runOnlyForDeploymentPostprocessing = 0;
		};
/* End PBXSourcesBuildPhase section */

/* Begin PBXTargetDependency section */
		69A18BEA27F399CF0064A09E /* PBXTargetDependency */ = {
			isa = PBXTargetDependency;
			target = 69A18BCE27F399CE0064A09E /* ProjetoFilme */;
			targetProxy = 69A18BE927F399CF0064A09E /* PBXContainerItemProxy */;
		};
		69A18BF427F399CF0064A09E /* PBXTargetDependency */ = {
			isa = PBXTargetDependency;
			target = 69A18BCE27F399CE0064A09E /* ProjetoFilme */;
			targetProxy = 69A18BF327F399CF0064A09E /* PBXContainerItemProxy */;
		};
/* End PBXTargetDependency section */

/* Begin PBXVariantGroup section */
		69A18BD827F399CE0064A09E /* Main.storyboard */ = {
			isa = PBXVariantGroup;
			children = (
				69A18BD927F399CE0064A09E /* Base */,
			);
			name = Main.storyboard;
			sourceTree = "<group>";
		};
		69A18BE027F399CF0064A09E /* LaunchScreen.storyboard */ = {
			isa = PBXVariantGroup;
			children = (
				69A18BE127F399CF0064A09E /* Base */,
			);
			name = LaunchScreen.storyboard;
			sourceTree = "<group>";
		};
/* End PBXVariantGroup section */

/* Begin XCBuildConfiguration section */
		69A18BFA27F399CF0064A09E /* Debug */ = {
			isa = XCBuildConfiguration;
			buildSettings = {
				ALWAYS_SEARCH_USER_PATHS = NO;
				CLANG_ANALYZER_NONNULL = YES;
				CLANG_ANALYZER_NUMBER_OBJECT_CONVERSION = YES_AGGRESSIVE;
				CLANG_CXX_LANGUAGE_STANDARD = "gnu++17";
				CLANG_ENABLE_MODULES = YES;
				CLANG_ENABLE_OBJC_ARC = YES;
				CLANG_ENABLE_OBJC_WEAK = YES;
				CLANG_WARN_BLOCK_CAPTURE_AUTORELEASING = YES;
				CLANG_WARN_BOOL_CONVERSION = YES;
				CLANG_WARN_COMMA = YES;
				CLANG_WARN_CONSTANT_CONVERSION = YES;
				CLANG_WARN_DEPRECATED_OBJC_IMPLEMENTATIONS = YES;
				CLANG_WARN_DIRECT_OBJC_ISA_USAGE = YES_ERROR;
				CLANG_WARN_DOCUMENTATION_COMMENTS = YES;
				CLANG_WARN_EMPTY_BODY = YES;
				CLANG_WARN_ENUM_CONVERSION = YES;
				CLANG_WARN_INFINITE_RECURSION = YES;
				CLANG_WARN_INT_CONVERSION = YES;
				CLANG_WARN_NON_LITERAL_NULL_CONVERSION = YES;
				CLANG_WARN_OBJC_IMPLICIT_RETAIN_SELF = YES;
				CLANG_WARN_OBJC_LITERAL_CONVERSION = YES;
				CLANG_WARN_OBJC_ROOT_CLASS = YES_ERROR;
				CLANG_WARN_QUOTED_INCLUDE_IN_FRAMEWORK_HEADER = YES;
				CLANG_WARN_RANGE_LOOP_ANALYSIS = YES;
				CLANG_WARN_STRICT_PROTOTYPES = YES;
				CLANG_WARN_SUSPICIOUS_MOVE = YES;
				CLANG_WARN_UNGUARDED_AVAILABILITY = YES_AGGRESSIVE;
				CLANG_WARN_UNREACHABLE_CODE = YES;
				CLANG_WARN__DUPLICATE_METHOD_MATCH = YES;
				COPY_PHASE_STRIP = NO;
				DEBUG_INFORMATION_FORMAT = dwarf;
				ENABLE_STRICT_OBJC_MSGSEND = YES;
				ENABLE_TESTABILITY = YES;
				GCC_C_LANGUAGE_STANDARD = gnu11;
				GCC_DYNAMIC_NO_PIC = NO;
				GCC_NO_COMMON_BLOCKS = YES;
				GCC_OPTIMIZATION_LEVEL = 0;
				GCC_PREPROCESSOR_DEFINITIONS = (
					"DEBUG=1",
					"$(inherited)",
				);
				GCC_WARN_64_TO_32_BIT_CONVERSION = YES;
				GCC_WARN_ABOUT_RETURN_TYPE = YES_ERROR;
				GCC_WARN_UNDECLARED_SELECTOR = YES;
				GCC_WARN_UNINITIALIZED_AUTOS = YES_AGGRESSIVE;
				GCC_WARN_UNUSED_FUNCTION = YES;
				GCC_WARN_UNUSED_VARIABLE = YES;
				IPHONEOS_DEPLOYMENT_TARGET = 15.4;
				MTL_ENABLE_DEBUG_INFO = INCLUDE_SOURCE;
				MTL_FAST_MATH = YES;
				ONLY_ACTIVE_ARCH = YES;
				SDKROOT = iphoneos;
				SWIFT_ACTIVE_COMPILATION_CONDITIONS = DEBUG;
				SWIFT_OPTIMIZATION_LEVEL = "-Onone";
			};
			name = Debug;
		};
		69A18BFB27F399CF0064A09E /* Release */ = {
			isa = XCBuildConfiguration;
			buildSettings = {
				ALWAYS_SEARCH_USER_PATHS = NO;
				CLANG_ANALYZER_NONNULL = YES;
				CLANG_ANALYZER_NUMBER_OBJECT_CONVERSION = YES_AGGRESSIVE;
				CLANG_CXX_LANGUAGE_STANDARD = "gnu++17";
				CLANG_ENABLE_MODULES = YES;
				CLANG_ENABLE_OBJC_ARC = YES;
				CLANG_ENABLE_OBJC_WEAK = YES;
				CLANG_WARN_BLOCK_CAPTURE_AUTORELEASING = YES;
				CLANG_WARN_BOOL_CONVERSION = YES;
				CLANG_WARN_COMMA = YES;
				CLANG_WARN_CONSTANT_CONVERSION = YES;
				CLANG_WARN_DEPRECATED_OBJC_IMPLEMENTATIONS = YES;
				CLANG_WARN_DIRECT_OBJC_ISA_USAGE = YES_ERROR;
				CLANG_WARN_DOCUMENTATION_COMMENTS = YES;
				CLANG_WARN_EMPTY_BODY = YES;
				CLANG_WARN_ENUM_CONVERSION = YES;
				CLANG_WARN_INFINITE_RECURSION = YES;
				CLANG_WARN_INT_CONVERSION = YES;
				CLANG_WARN_NON_LITERAL_NULL_CONVERSION = YES;
				CLANG_WARN_OBJC_IMPLICIT_RETAIN_SELF = YES;
				CLANG_WARN_OBJC_LITERAL_CONVERSION = YES;
				CLANG_WARN_OBJC_ROOT_CLASS = YES_ERROR;
				CLANG_WARN_QUOTED_INCLUDE_IN_FRAMEWORK_HEADER = YES;
				CLANG_WARN_RANGE_LOOP_ANALYSIS = YES;
				CLANG_WARN_STRICT_PROTOTYPES = YES;
				CLANG_WARN_SUSPICIOUS_MOVE = YES;
				CLANG_WARN_UNGUARDED_AVAILABILITY = YES_AGGRESSIVE;
				CLANG_WARN_UNREACHABLE_CODE = YES;
				CLANG_WARN__DUPLICATE_METHOD_MATCH = YES;
				COPY_PHASE_STRIP = NO;
				DEBUG_INFORMATION_FORMAT = "dwarf-with-dsym";
				ENABLE_NS_ASSERTIONS = NO;
				ENABLE_STRICT_OBJC_MSGSEND = YES;
				GCC_C_LANGUAGE_STANDARD = gnu11;
				GCC_NO_COMMON_BLOCKS = YES;
				GCC_WARN_64_TO_32_BIT_CONVERSION = YES;
				GCC_WARN_ABOUT_RETURN_TYPE = YES_ERROR;
				GCC_WARN_UNDECLARED_SELECTOR = YES;
				GCC_WARN_UNINITIALIZED_AUTOS = YES_AGGRESSIVE;
				GCC_WARN_UNUSED_FUNCTION = YES;
				GCC_WARN_UNUSED_VARIABLE = YES;
				IPHONEOS_DEPLOYMENT_TARGET = 15.4;
				MTL_ENABLE_DEBUG_INFO = NO;
				MTL_FAST_MATH = YES;
				SDKROOT = iphoneos;
				SWIFT_COMPILATION_MODE = wholemodule;
				SWIFT_OPTIMIZATION_LEVEL = "-O";
				VALIDATE_PRODUCT = YES;
			};
			name = Release;
		};
		69A18BFD27F399CF0064A09E /* Debug */ = {
			isa = XCBuildConfiguration;
			buildSettings = {
				ASSETCATALOG_COMPILER_APPICON_NAME = AppIcon;
				ASSETCATALOG_COMPILER_GLOBAL_ACCENT_COLOR_NAME = AccentColor;
				CODE_SIGN_STYLE = Automatic;
				CURRENT_PROJECT_VERSION = 1;
				GENERATE_INFOPLIST_FILE = YES;
				INFOPLIST_FILE = ProjetoFilme/Info.plist;
				INFOPLIST_KEY_UIApplicationSupportsIndirectInputEvents = YES;
				INFOPLIST_KEY_UILaunchStoryboardName = LaunchScreen;
				INFOPLIST_KEY_UIMainStoryboardFile = Main;
				INFOPLIST_KEY_UISupportedInterfaceOrientations_iPad = "UIInterfaceOrientationPortrait UIInterfaceOrientationPortraitUpsideDown UIInterfaceOrientationLandscapeLeft UIInterfaceOrientationLandscapeRight";
				INFOPLIST_KEY_UISupportedInterfaceOrientations_iPhone = "UIInterfaceOrientationPortrait UIInterfaceOrientationLandscapeLeft UIInterfaceOrientationLandscapeRight";
				LD_RUNPATH_SEARCH_PATHS = (
					"$(inherited)",
					"@executable_path/Frameworks",
				);
				MARKETING_VERSION = 1.0;
				PRODUCT_BUNDLE_IDENTIFIER = br.com.brq.ProjetoFilme;
				PRODUCT_NAME = "$(TARGET_NAME)";
				SWIFT_EMIT_LOC_STRINGS = YES;
				SWIFT_VERSION = 5.0;
				TARGETED_DEVICE_FAMILY = "1,2";
			};
			name = Debug;
		};
		69A18BFE27F399CF0064A09E /* Release */ = {
			isa = XCBuildConfiguration;
			buildSettings = {
				ASSETCATALOG_COMPILER_APPICON_NAME = AppIcon;
				ASSETCATALOG_COMPILER_GLOBAL_ACCENT_COLOR_NAME = AccentColor;
				CODE_SIGN_STYLE = Automatic;
				CURRENT_PROJECT_VERSION = 1;
				GENERATE_INFOPLIST_FILE = YES;
				INFOPLIST_FILE = ProjetoFilme/Info.plist;
				INFOPLIST_KEY_UIApplicationSupportsIndirectInputEvents = YES;
				INFOPLIST_KEY_UILaunchStoryboardName = LaunchScreen;
				INFOPLIST_KEY_UIMainStoryboardFile = Main;
				INFOPLIST_KEY_UISupportedInterfaceOrientations_iPad = "UIInterfaceOrientationPortrait UIInterfaceOrientationPortraitUpsideDown UIInterfaceOrientationLandscapeLeft UIInterfaceOrientationLandscapeRight";
				INFOPLIST_KEY_UISupportedInterfaceOrientations_iPhone = "UIInterfaceOrientationPortrait UIInterfaceOrientationLandscapeLeft UIInterfaceOrientationLandscapeRight";
				LD_RUNPATH_SEARCH_PATHS = (
					"$(inherited)",
					"@executable_path/Frameworks",
				);
				MARKETING_VERSION = 1.0;
				PRODUCT_BUNDLE_IDENTIFIER = br.com.brq.ProjetoFilme;
				PRODUCT_NAME = "$(TARGET_NAME)";
				SWIFT_EMIT_LOC_STRINGS = YES;
				SWIFT_VERSION = 5.0;
				TARGETED_DEVICE_FAMILY = "1,2";
			};
			name = Release;
		};
		69A18C0027F399CF0064A09E /* Debug */ = {
			isa = XCBuildConfiguration;
			buildSettings = {
				ALWAYS_EMBED_SWIFT_STANDARD_LIBRARIES = YES;
				BUNDLE_LOADER = "$(TEST_HOST)";
				CODE_SIGN_STYLE = Automatic;
				CURRENT_PROJECT_VERSION = 1;
				GENERATE_INFOPLIST_FILE = YES;
				IPHONEOS_DEPLOYMENT_TARGET = 15.4;
				MARKETING_VERSION = 1.0;
				PRODUCT_BUNDLE_IDENTIFIER = br.com.brq.ProjetoFilmeTests;
				PRODUCT_NAME = "$(TARGET_NAME)";
				SWIFT_EMIT_LOC_STRINGS = NO;
				SWIFT_VERSION = 5.0;
				TARGETED_DEVICE_FAMILY = "1,2";
				TEST_HOST = "$(BUILT_PRODUCTS_DIR)/ProjetoFilme.app/ProjetoFilme";
			};
			name = Debug;
		};
		69A18C0127F399CF0064A09E /* Release */ = {
			isa = XCBuildConfiguration;
			buildSettings = {
				ALWAYS_EMBED_SWIFT_STANDARD_LIBRARIES = YES;
				BUNDLE_LOADER = "$(TEST_HOST)";
				CODE_SIGN_STYLE = Automatic;
				CURRENT_PROJECT_VERSION = 1;
				GENERATE_INFOPLIST_FILE = YES;
				IPHONEOS_DEPLOYMENT_TARGET = 15.4;
				MARKETING_VERSION = 1.0;
				PRODUCT_BUNDLE_IDENTIFIER = br.com.brq.ProjetoFilmeTests;
				PRODUCT_NAME = "$(TARGET_NAME)";
				SWIFT_EMIT_LOC_STRINGS = NO;
				SWIFT_VERSION = 5.0;
				TARGETED_DEVICE_FAMILY = "1,2";
				TEST_HOST = "$(BUILT_PRODUCTS_DIR)/ProjetoFilme.app/ProjetoFilme";
			};
			name = Release;
		};
		69A18C0327F399CF0064A09E /* Debug */ = {
			isa = XCBuildConfiguration;
			buildSettings = {
				ALWAYS_EMBED_SWIFT_STANDARD_LIBRARIES = YES;
				CODE_SIGN_STYLE = Automatic;
				CURRENT_PROJECT_VERSION = 1;
				GENERATE_INFOPLIST_FILE = YES;
				MARKETING_VERSION = 1.0;
				PRODUCT_BUNDLE_IDENTIFIER = br.com.brq.ProjetoFilmeUITests;
				PRODUCT_NAME = "$(TARGET_NAME)";
				SWIFT_EMIT_LOC_STRINGS = NO;
				SWIFT_VERSION = 5.0;
				TARGETED_DEVICE_FAMILY = "1,2";
				TEST_TARGET_NAME = ProjetoFilme;
			};
			name = Debug;
		};
		69A18C0427F399CF0064A09E /* Release */ = {
			isa = XCBuildConfiguration;
			buildSettings = {
				ALWAYS_EMBED_SWIFT_STANDARD_LIBRARIES = YES;
				CODE_SIGN_STYLE = Automatic;
				CURRENT_PROJECT_VERSION = 1;
				GENERATE_INFOPLIST_FILE = YES;
				MARKETING_VERSION = 1.0;
				PRODUCT_BUNDLE_IDENTIFIER = br.com.brq.ProjetoFilmeUITests;
				PRODUCT_NAME = "$(TARGET_NAME)";
				SWIFT_EMIT_LOC_STRINGS = NO;
				SWIFT_VERSION = 5.0;
				TARGETED_DEVICE_FAMILY = "1,2";
				TEST_TARGET_NAME = ProjetoFilme;
			};
			name = Release;
		};
/* End XCBuildConfiguration section */

/* Begin XCConfigurationList section */
		69A18BCA27F399CE0064A09E /* Build configuration list for PBXProject "ProjetoFilme" */ = {
			isa = XCConfigurationList;
			buildConfigurations = (
				69A18BFA27F399CF0064A09E /* Debug */,
				69A18BFB27F399CF0064A09E /* Release */,
			);
			defaultConfigurationIsVisible = 0;
			defaultConfigurationName = Release;
		};
		69A18BFC27F399CF0064A09E /* Build configuration list for PBXNativeTarget "ProjetoFilme" */ = {
			isa = XCConfigurationList;
			buildConfigurations = (
				69A18BFD27F399CF0064A09E /* Debug */,
				69A18BFE27F399CF0064A09E /* Release */,
			);
			defaultConfigurationIsVisible = 0;
			defaultConfigurationName = Release;
		};
		69A18BFF27F399CF0064A09E /* Build configuration list for PBXNativeTarget "ProjetoFilmeTests" */ = {
			isa = XCConfigurationList;
			buildConfigurations = (
				69A18C0027F399CF0064A09E /* Debug */,
				69A18C0127F399CF0064A09E /* Release */,
			);
			defaultConfigurationIsVisible = 0;
			defaultConfigurationName = Release;
		};
		69A18C0227F399CF0064A09E /* Build configuration list for PBXNativeTarget "ProjetoFilmeUITests" */ = {
			isa = XCConfigurationList;
			buildConfigurations = (
				69A18C0327F399CF0064A09E /* Debug */,
				69A18C0427F399CF0064A09E /* Release */,
			);
			defaultConfigurationIsVisible = 0;
			defaultConfigurationName = Release;
		};
/* End XCConfigurationList section */

/* Begin XCVersionGroup section */
		69A18BDB27F399CE0064A09E /* ProjetoFilme.xcdatamodeld */ = {
			isa = XCVersionGroup;
			children = (
				69A18BDC27F399CE0064A09E /* ProjetoFilme.xcdatamodel */,
			);
			currentVersion = 69A18BDC27F399CE0064A09E /* ProjetoFilme.xcdatamodel */;
			path = ProjetoFilme.xcdatamodeld;
			sourceTree = "<group>";
			versionGroupType = wrapper.xcdatamodel;
		};
/* End XCVersionGroup section */
	};
	rootObject = 69A18BC727F399CE0064A09E /* Project object */;
}
